
Microsoft Visual Studio Solution File, Format Version 12.00
# Visual Studio Version 17
VisualStudioVersion = 17.14.36221.1 d17.14
MinimumVisualStudioVersion = 10.0.40219.1
Project("{FAE04EC0-301F-11D3-BF4B-00C04F79EFBC}") = "ShortUrl.Server", "ShortUrl.Server\ShortUrl.Server.csproj", "{2E1318DB-F352-4639-9CE6-BE7729058545}"
EndProject
Global
	GlobalSection(SolutionConfigurationPlatforms) = preSolution
		Debug|Any CPU = Debug|Any CPU
		Release|Any CPU = Release|Any CPU
	EndGlobalSection
	GlobalSection(ProjectConfigurationPlatforms) = postSolution
		{2E1318DB-F352-4639-9CE6-BE7729058545}.Debug|Any CPU.ActiveCfg = Debug|Any CPU
		{2E1318DB-F352-4639-9CE6-BE7729058545}.Debug|Any CPU.Build.0 = Debug|Any CPU
		{2E1318DB-F352-4639-9CE6-BE7729058545}.Release|Any CPU.ActiveCfg = Release|Any CPU
		{2E1318DB-F352-4639-9CE6-BE7729058545}.Release|Any CPU.Build.0 = Release|Any CPU
	EndGlobalSection
	GlobalSection(SolutionProperties) = preSolution
		HideSolutionNode = FALSE
	EndGlobalSection
	GlobalSection(ExtensibilityGlobals) = postSolution
		SolutionGuid = {B46481F1-6CAF-4051-A950-8D2D377689E3}
	EndGlobalSection
EndGlobal
